
Microsoft Visual Studio Solution File, Format Version 12.00
# Visual Studio Version 16
VisualStudioVersion = 16.0.31205.134
MinimumVisualStudioVersion = 10.0.40219.1
Project("{8BC9CEB8-8B4A-11D0-8D11-00A0C91BC942}") = "_all", "_prj_msvc2019\_all.vcxproj", "{D66975DB-7E59-4BE8-AD8D-C13E9B858F44}"
	ProjectSection(ProjectDependencies) = postProject
		{CA9EB028-0C29-4B90-961B-645DF8BC9B22} = {CA9EB028-0C29-4B90-961B-645DF8BC9B22}
		{69E5B128-C6BA-40FB-B815-28CF06BDA491} = {69E5B128-C6BA-40FB-B815-28CF06BDA491}
		{EE8DFB29-1104-45EC-B1E1-16C260A160A3} = {EE8DFB29-1104-45EC-B1E1-16C260A160A3}
		{64991E48-3264-4D0F-80E9-FA8B481750F9} = {64991E48-3264-4D0F-80E9-FA8B481750F9}
		{5EB20C59-3EEA-4A14-BBFD-8D22B9A9C6F9} = {5EB20C59-3EEA-4A14-BBFD-8D22B9A9C6F9}
		{7D75A672-3E03-40CB-B0EF-09B89F60137B} = {7D75A672-3E03-40CB-B0EF-09B89F60137B}
		{7CA03583-0724-4FED-9A9E-6651F35E42A9} = {7CA03583-0724-4FED-9A9E-6651F35E42A9}
		{1DB38186-8C30-4E20-863E-FBED7E112083} = {1DB38186-8C30-4E20-863E-FBED7E112083}
		{13F94FB3-172E-4300-9166-C9EB61285DE1} = {13F94FB3-172E-4300-9166-C9EB61285DE1}
		{A6343ECC-ED51-48E9-972E-6D6F2DD97D2E} = {A6343ECC-ED51-48E9-972E-6D6F2DD97D2E}
		{54B304D9-4807-491B-8D63-FA83EADC18AD} = {54B304D9-4807-491B-8D63-FA83EADC18AD}
		{ED4E63EF-791A-4E90-ABC6-65742A824E72} = {ED4E63EF-791A-4E90-ABC6-65742A824E72}
	EndProjectSection
EndProject
Project("{8BC9CEB8-8B4A-11D0-8D11-00A0C91BC942}") = "_gtest", "_prj_msvc2019\_gtest.vcxproj", "{EE8DFB29-1104-45EC-B1E1-16C260A160A3}"
EndProject
Project("{8BC9CEB8-8B4A-11D0-8D11-00A0C91BC942}") = "_gmock", "_prj_msvc2019\_gmock.vcxproj", "{13F94FB3-172E-4300-9166-C9EB61285DE1}"
	ProjectSection(ProjectDependencies) = postProject
		{EE8DFB29-1104-45EC-B1E1-16C260A160A3} = {EE8DFB29-1104-45EC-B1E1-16C260A160A3}
	EndProjectSection
EndProject
Project("{8BC9CEB8-8B4A-11D0-8D11-00A0C91BC942}") = "test001", "_prj_msvc2019\test001.vcxproj", "{1DB38186-8C30-4E20-863E-FBED7E112083}"
	ProjectSection(ProjectDependencies) = postProject
		{EE8DFB29-1104-45EC-B1E1-16C260A160A3} = {EE8DFB29-1104-45EC-B1E1-16C260A160A3}
	EndProjectSection
EndProject
Project("{8BC9CEB8-8B4A-11D0-8D11-00A0C91BC942}") = "test002", "_prj_msvc2019\test002.vcxproj", "{5EB20C59-3EEA-4A14-BBFD-8D22B9A9C6F9}"
	ProjectSection(ProjectDependencies) = postProject
		{EE8DFB29-1104-45EC-B1E1-16C260A160A3} = {EE8DFB29-1104-45EC-B1E1-16C260A160A3}
	EndProjectSection
EndProject
Project("{8BC9CEB8-8B4A-11D0-8D11-00A0C91BC942}") = "marty-yaml2json", "_prj_msvc2019\marty-yaml2json.vcxproj", "{CA9EB028-0C29-4B90-961B-645DF8BC9B22}"
EndProject
Project("{8BC9CEB8-8B4A-11D0-8D11-00A0C91BC942}") = "marty-json-diff", "_prj_msvc2019\marty-json-diff.vcxproj", "{7D75A672-3E03-40CB-B0EF-09B89F60137B}"
EndProject
Project("{8BC9CEB8-8B4A-11D0-8D11-00A0C91BC942}") = "marty-json-patch", "_prj_msvc2019\marty-json-patch.vcxproj", "{64991E48-3264-4D0F-80E9-FA8B481750F9}"
EndProject
Project("{8BC9CEB8-8B4A-11D0-8D11-00A0C91BC942}") = "test003", "_prj_msvc2019\test003.vcxproj", "{69E5B128-C6BA-40FB-B815-28CF06BDA491}"
EndProject
Project("{8BC9CEB8-8B4A-11D0-8D11-00A0C91BC942}") = "test004", "_prj_msvc2019\test004.vcxproj", "{A6343ECC-ED51-48E9-972E-6D6F2DD97D2E}"
EndProject
Project("{8BC9CEB8-8B4A-11D0-8D11-00A0C91BC942}") = "test005", "_prj_msvc2019\test005.vcxproj", "{54B304D9-4807-491B-8D63-FA83EADC18AD}"
EndProject
Project("{8BC9CEB8-8B4A-11D0-8D11-00A0C91BC942}") = "marty-json2yaml", "_prj_msvc2019\marty-json2yaml.vcxproj", "{ED4E63EF-791A-4E90-ABC6-65742A824E72}"
EndProject
Project("{8BC9CEB8-8B4A-11D0-8D11-00A0C91BC942}") = "_qt_stub", "_prj_msvc2019\_qt_stub.vcxproj", "{7CA03583-0724-4FED-9A9E-6651F35E42A9}"
EndProject
Project("{8BC9CEB8-8B4A-11D0-8D11-00A0C91BC942}") = "test006", "_prj_msvc2019\test006.vcxproj", "{5131C4B0-E121-49DC-8157-B1DC27839F67}"
EndProject
Global
	GlobalSection(SolutionConfigurationPlatforms) = preSolution
		Debug|x64 = Debug|x64
		Debug|x86 = Debug|x86
		Release|x64 = Release|x64
		Release|x86 = Release|x86
	EndGlobalSection
	GlobalSection(ProjectConfigurationPlatforms) = postSolution
		{D66975DB-7E59-4BE8-AD8D-C13E9B858F44}.Debug|x64.ActiveCfg = Debug|x64
		{D66975DB-7E59-4BE8-AD8D-C13E9B858F44}.Debug|x64.Build.0 = Debug|x64
		{D66975DB-7E59-4BE8-AD8D-C13E9B858F44}.Debug|x86.ActiveCfg = Debug|Win32
		{D66975DB-7E59-4BE8-AD8D-C13E9B858F44}.Debug|x86.Build.0 = Debug|Win32
		{D66975DB-7E59-4BE8-AD8D-C13E9B858F44}.Release|x64.ActiveCfg = Release|x64
		{D66975DB-7E59-4BE8-AD8D-C13E9B858F44}.Release|x64.Build.0 = Release|x64
		{D66975DB-7E59-4BE8-AD8D-C13E9B858F44}.Release|x86.ActiveCfg = Release|Win32
		{D66975DB-7E59-4BE8-AD8D-C13E9B858F44}.Release|x86.Build.0 = Release|Win32
		{EE8DFB29-1104-45EC-B1E1-16C260A160A3}.Debug|x64.ActiveCfg = Debug|x64
		{EE8DFB29-1104-45EC-B1E1-16C260A160A3}.Debug|x64.Build.0 = Debug|x64
		{EE8DFB29-1104-45EC-B1E1-16C260A160A3}.Debug|x86.ActiveCfg = Debug|Win32
		{EE8DFB29-1104-45EC-B1E1-16C260A160A3}.Debug|x86.Build.0 = Debug|Win32
		{EE8DFB29-1104-45EC-B1E1-16C260A160A3}.Release|x64.ActiveCfg = Release|x64
		{EE8DFB29-1104-45EC-B1E1-16C260A160A3}.Release|x64.Build.0 = Release|x64
		{EE8DFB29-1104-45EC-B1E1-16C260A160A3}.Release|x86.ActiveCfg = Release|Win32
		{EE8DFB29-1104-45EC-B1E1-16C260A160A3}.Release|x86.Build.0 = Release|Win32
		{13F94FB3-172E-4300-9166-C9EB61285DE1}.Debug|x64.ActiveCfg = Debug|x64
		{13F94FB3-172E-4300-9166-C9EB61285DE1}.Debug|x64.Build.0 = Debug|x64
		{13F94FB3-172E-4300-9166-C9EB61285DE1}.Debug|x86.ActiveCfg = Debug|Win32
		{13F94FB3-172E-4300-9166-C9EB61285DE1}.Debug|x86.Build.0 = Debug|Win32
		{13F94FB3-172E-4300-9166-C9EB61285DE1}.Release|x64.ActiveCfg = Release|x64
		{13F94FB3-172E-4300-9166-C9EB61285DE1}.Release|x64.Build.0 = Release|x64
		{13F94FB3-172E-4300-9166-C9EB61285DE1}.Release|x86.ActiveCfg = Release|Win32
		{13F94FB3-172E-4300-9166-C9EB61285DE1}.Release|x86.Build.0 = Release|Win32
		{1DB38186-8C30-4E20-863E-FBED7E112083}.Debug|x64.ActiveCfg = Debug|x64
		{1DB38186-8C30-4E20-863E-FBED7E112083}.Debug|x64.Build.0 = Debug|x64
		{1DB38186-8C30-4E20-863E-FBED7E112083}.Debug|x86.ActiveCfg = Debug|Win32
		{1DB38186-8C30-4E20-863E-FBED7E112083}.Debug|x86.Build.0 = Debug|Win32
		{1DB38186-8C30-4E20-863E-FBED7E112083}.Release|x64.ActiveCfg = Release|x64
		{1DB38186-8C30-4E20-863E-FBED7E112083}.Release|x64.Build.0 = Release|x64
		{1DB38186-8C30-4E20-863E-FBED7E112083}.Release|x86.ActiveCfg = Release|Win32
		{1DB38186-8C30-4E20-863E-FBED7E112083}.Release|x86.Build.0 = Release|Win32
		{5EB20C59-3EEA-4A14-BBFD-8D22B9A9C6F9}.Debug|x64.ActiveCfg = Debug|x64
		{5EB20C59-3EEA-4A14-BBFD-8D22B9A9C6F9}.Debug|x64.Build.0 = Debug|x64
		{5EB20C59-3EEA-4A14-BBFD-8D22B9A9C6F9}.Debug|x86.ActiveCfg = Debug|Win32
		{5EB20C59-3EEA-4A14-BBFD-8D22B9A9C6F9}.Debug|x86.Build.0 = Debug|Win32
		{5EB20C59-3EEA-4A14-BBFD-8D22B9A9C6F9}.Release|x64.ActiveCfg = Release|x64
		{5EB20C59-3EEA-4A14-BBFD-8D22B9A9C6F9}.Release|x64.Build.0 = Release|x64
		{5EB20C59-3EEA-4A14-BBFD-8D22B9A9C6F9}.Release|x86.ActiveCfg = Release|Win32
		{5EB20C59-3EEA-4A14-BBFD-8D22B9A9C6F9}.Release|x86.Build.0 = Release|Win32
		{CA9EB028-0C29-4B90-961B-645DF8BC9B22}.Debug|x64.ActiveCfg = Debug|x64
		{CA9EB028-0C29-4B90-961B-645DF8BC9B22}.Debug|x64.Build.0 = Debug|x64
		{CA9EB028-0C29-4B90-961B-645DF8BC9B22}.Debug|x86.ActiveCfg = Debug|Win32
		{CA9EB028-0C29-4B90-961B-645DF8BC9B22}.Debug|x86.Build.0 = Debug|Win32
		{CA9EB028-0C29-4B90-961B-645DF8BC9B22}.Release|x64.ActiveCfg = Release|x64
		{CA9EB028-0C29-4B90-961B-645DF8BC9B22}.Release|x64.Build.0 = Release|x64
		{CA9EB028-0C29-4B90-961B-645DF8BC9B22}.Release|x86.ActiveCfg = Release|Win32
		{CA9EB028-0C29-4B90-961B-645DF8BC9B22}.Release|x86.Build.0 = Release|Win32
		{7D75A672-3E03-40CB-B0EF-09B89F60137B}.Debug|x64.ActiveCfg = Debug|x64
		{7D75A672-3E03-40CB-B0EF-09B89F60137B}.Debug|x64.Build.0 = Debug|x64
		{7D75A672-3E03-40CB-B0EF-09B89F60137B}.Debug|x86.ActiveCfg = Debug|Win32
		{7D75A672-3E03-40CB-B0EF-09B89F60137B}.Debug|x86.Build.0 = Debug|Win32
		{7D75A672-3E03-40CB-B0EF-09B89F60137B}.Release|x64.ActiveCfg = Release|x64
		{7D75A672-3E03-40CB-B0EF-09B89F60137B}.Release|x64.Build.0 = Release|x64
		{7D75A672-3E03-40CB-B0EF-09B89F60137B}.Release|x86.ActiveCfg = Release|Win32
		{7D75A672-3E03-40CB-B0EF-09B89F60137B}.Release|x86.Build.0 = Release|Win32
		{64991E48-3264-4D0F-80E9-FA8B481750F9}.Debug|x64.ActiveCfg = Debug|x64
		{64991E48-3264-4D0F-80E9-FA8B481750F9}.Debug|x64.Build.0 = Debug|x64
		{64991E48-3264-4D0F-80E9-FA8B481750F9}.Debug|x86.ActiveCfg = Debug|Win32
		{64991E48-3264-4D0F-80E9-FA8B481750F9}.Debug|x86.Build.0 = Debug|Win32
		{64991E48-3264-4D0F-80E9-FA8B481750F9}.Release|x64.ActiveCfg = Release|x64
		{64991E48-3264-4D0F-80E9-FA8B481750F9}.Release|x64.Build.0 = Release|x64
		{64991E48-3264-4D0F-80E9-FA8B481750F9}.Release|x86.ActiveCfg = Release|Win32
		{64991E48-3264-4D0F-80E9-FA8B481750F9}.Release|x86.Build.0 = Release|Win32
		{69E5B128-C6BA-40FB-B815-28CF06BDA491}.Debug|x64.ActiveCfg = Debug|x64
		{69E5B128-C6BA-40FB-B815-28CF06BDA491}.Debug|x64.Build.0 = Debug|x64
		{69E5B128-C6BA-40FB-B815-28CF06BDA491}.Debug|x86.ActiveCfg = Debug|Win32
		{69E5B128-C6BA-40FB-B815-28CF06BDA491}.Debug|x86.Build.0 = Debug|Win32
		{69E5B128-C6BA-40FB-B815-28CF06BDA491}.Release|x64.ActiveCfg = Release|x64
		{69E5B128-C6BA-40FB-B815-28CF06BDA491}.Release|x64.Build.0 = Release|x64
		{69E5B128-C6BA-40FB-B815-28CF06BDA491}.Release|x86.ActiveCfg = Release|Win32
		{69E5B128-C6BA-40FB-B815-28CF06BDA491}.Release|x86.Build.0 = Release|Win32
		{A6343ECC-ED51-48E9-972E-6D6F2DD97D2E}.Debug|x64.ActiveCfg = Debug|x64
		{A6343ECC-ED51-48E9-972E-6D6F2DD97D2E}.Debug|x64.Build.0 = Debug|x64
		{A6343ECC-ED51-48E9-972E-6D6F2DD97D2E}.Debug|x86.ActiveCfg = Debug|Win32
		{A6343ECC-ED51-48E9-972E-6D6F2DD97D2E}.Debug|x86.Build.0 = Debug|Win32
		{A6343ECC-ED51-48E9-972E-6D6F2DD97D2E}.Release|x64.ActiveCfg = Release|x64
		{A6343ECC-ED51-48E9-972E-6D6F2DD97D2E}.Release|x64.Build.0 = Release|x64
		{A6343ECC-ED51-48E9-972E-6D6F2DD97D2E}.Release|x86.ActiveCfg = Release|Win32
		{A6343ECC-ED51-48E9-972E-6D6F2DD97D2E}.Release|x86.Build.0 = Release|Win32
		{54B304D9-4807-491B-8D63-FA83EADC18AD}.Debug|x64.ActiveCfg = Debug|x64
		{54B304D9-4807-491B-8D63-FA83EADC18AD}.Debug|x64.Build.0 = Debug|x64
		{54B304D9-4807-491B-8D63-FA83EADC18AD}.Debug|x86.ActiveCfg = Debug|Win32
		{54B304D9-4807-491B-8D63-FA83EADC18AD}.Debug|x86.Build.0 = Debug|Win32
		{54B304D9-4807-491B-8D63-FA83EADC18AD}.Release|x64.ActiveCfg = Release|x64
		{54B304D9-4807-491B-8D63-FA83EADC18AD}.Release|x64.Build.0 = Release|x64
		{54B304D9-4807-491B-8D63-FA83EADC18AD}.Release|x86.ActiveCfg = Release|Win32
		{54B304D9-4807-491B-8D63-FA83EADC18AD}.Release|x86.Build.0 = Release|Win32
		{ED4E63EF-791A-4E90-ABC6-65742A824E72}.Debug|x64.ActiveCfg = Debug|x64
		{ED4E63EF-791A-4E90-ABC6-65742A824E72}.Debug|x64.Build.0 = Debug|x64
		{ED4E63EF-791A-4E90-ABC6-65742A824E72}.Debug|x86.ActiveCfg = Debug|Win32
		{ED4E63EF-791A-4E90-ABC6-65742A824E72}.Debug|x86.Build.0 = Debug|Win32
		{ED4E63EF-791A-4E90-ABC6-65742A824E72}.Release|x64.ActiveCfg = Release|x64
		{ED4E63EF-791A-4E90-ABC6-65742A824E72}.Release|x64.Build.0 = Release|x64
		{ED4E63EF-791A-4E90-ABC6-65742A824E72}.Release|x86.ActiveCfg = Release|Win32
		{ED4E63EF-791A-4E90-ABC6-65742A824E72}.Release|x86.Build.0 = Release|Win32
		{7CA03583-0724-4FED-9A9E-6651F35E42A9}.Debug|x64.ActiveCfg = Debug|x64
		{7CA03583-0724-4FED-9A9E-6651F35E42A9}.Debug|x64.Build.0 = Debug|x64
		{7CA03583-0724-4FED-9A9E-6651F35E42A9}.Debug|x86.ActiveCfg = Debug|Win32
		{7CA03583-0724-4FED-9A9E-6651F35E42A9}.Debug|x86.Build.0 = Debug|Win32
		{7CA03583-0724-4FED-9A9E-6651F35E42A9}.Release|x64.ActiveCfg = Release|x64
		{7CA03583-0724-4FED-9A9E-6651F35E42A9}.Release|x64.Build.0 = Release|x64
		{7CA03583-0724-4FED-9A9E-6651F35E42A9}.Release|x86.ActiveCfg = Release|Win32
		{7CA03583-0724-4FED-9A9E-6651F35E42A9}.Release|x86.Build.0 = Release|Win32
		{5131C4B0-E121-49DC-8157-B1DC27839F67}.Debug|x64.ActiveCfg = Debug|x64
		{5131C4B0-E121-49DC-8157-B1DC27839F67}.Debug|x64.Build.0 = Debug|x64
		{5131C4B0-E121-49DC-8157-B1DC27839F67}.Debug|x86.ActiveCfg = Debug|Win32
		{5131C4B0-E121-49DC-8157-B1DC27839F67}.Debug|x86.Build.0 = Debug|Win32
		{5131C4B0-E121-49DC-8157-B1DC27839F67}.Release|x64.ActiveCfg = Release|x64
		{5131C4B0-E121-49DC-8157-B1DC27839F67}.Release|x64.Build.0 = Release|x64
		{5131C4B0-E121-49DC-8157-B1DC27839F67}.Release|x86.ActiveCfg = Release|Win32
		{5131C4B0-E121-49DC-8157-B1DC27839F67}.Release|x86.Build.0 = Release|Win32
	EndGlobalSection
	GlobalSection(SolutionProperties) = preSolution
		HideSolutionNode = FALSE
	EndGlobalSection
	GlobalSection(ExtensibilityGlobals) = postSolution
		SolutionGuid = {5E0C8F56-E644-47AC-B47B-157E9451A52E}
	EndGlobalSection
EndGlobal
